
Microsoft Visual Studio Solution File, Format Version 12.00
Project("{F2A71F9B-5D33-465A-A702-920D77279786}") = "05", "05.fsproj", "{274B7006-2F16-401F-BAA9-0452365E8801}"
EndProject
Global
	GlobalSection(SolutionConfigurationPlatforms) = preSolution
		Debug|Any CPU = Debug|Any CPU
		Release|Any CPU = Release|Any CPU
	EndGlobalSection
	GlobalSection(ProjectConfigurationPlatforms) = postSolution
		{274B7006-2F16-401F-BAA9-0452365E8801}.Debug|Any CPU.ActiveCfg = Debug|Any CPU
		{274B7006-2F16-401F-BAA9-0452365E8801}.Debug|Any CPU.Build.0 = Debug|Any CPU
		{274B7006-2F16-401F-BAA9-0452365E8801}.Release|Any CPU.ActiveCfg = Release|Any CPU
		{274B7006-2F16-401F-BAA9-0452365E8801}.Release|Any CPU.Build.0 = Release|Any CPU
	EndGlobalSection
EndGlobal
